
Microsoft Visual Studio Solution File, Format Version 12.00
# Visual Studio Version 16
VisualStudioVersion = 16.0.29306.81
MinimumVisualStudioVersion = 10.0.40219.1
Project("{9A19103F-16F7-4668-BE54-9A1E7A4F7556}") = "Dapper", "Dapper\Dapper.csproj", "{F97FFE71-9059-496F-959F-890E7BB08628}"
EndProject
Project("{9A19103F-16F7-4668-BE54-9A1E7A4F7556}") = "Dapper.Contrib", "Dapper.Contrib\Dapper.Contrib.csproj", "{461D7E09-28F1-40BF-8EA1-0D60126E179F}"
EndProject
Project("{9A19103F-16F7-4668-BE54-9A1E7A4F7556}") = "Dapper.EntityFramework", "Dapper.EntityFramework\Dapper.EntityFramework.csproj", "{B9DB0439-75A4-49E8-9A64-F0DB667D1158}"
EndProject
Project("{9A19103F-16F7-4668-BE54-9A1E7A4F7556}") = "Dapper.EntityFramework.StrongName", "Dapper.EntityFramework.StrongName\Dapper.EntityFramework.StrongName.csproj", "{862522B2-7268-4D4A-9635-1E54B9FEC429}"
EndProject
Project("{9A19103F-16F7-4668-BE54-9A1E7A4F7556}") = "Dapper.ProviderTools", "Dapper.ProviderTools\Dapper.ProviderTools.csproj", "{146FB8F4-48B8-4719-B4C6-1335898FF655}"
EndProject
Project("{9A19103F-16F7-4668-BE54-9A1E7A4F7556}") = "Dapper.Rainbow", "Dapper.Rainbow\Dapper.Rainbow.csproj", "{1AFD7422-2869-4648-B66D-31297D967821}"
EndProject
Project("{9A19103F-16F7-4668-BE54-9A1E7A4F7556}") = "Dapper.SqlBuilder", "Dapper.SqlBuilder\Dapper.SqlBuilder.csproj", "{C8A7F31B-2459-4118-A199-AB1F6A58E4B3}"
EndProject
Project("{9A19103F-16F7-4668-BE54-9A1E7A4F7556}") = "Dapper.StrongName", "Dapper.StrongName\Dapper.StrongName.csproj", "{45E5CA84-14F3-405D-A25F-A75160B6EDD7}"
EndProject
Project("{9A19103F-16F7-4668-BE54-9A1E7A4F7556}") = "Dapper.Tests", "Dapper.Tests\Dapper.Tests.csproj", "{EF438C40-9FE7-41B4-B020-5D64CA42F681}"
EndProject
Project("{9A19103F-16F7-4668-BE54-9A1E7A4F7556}") = "Dapper.Tests.Contrib", "Dapper.Tests.Contrib\Dapper.Tests.Contrib.csproj", "{70750CF7-8836-4E10-B2BD-A6653B1970F9}"
EndProject
Project("{9A19103F-16F7-4668-BE54-9A1E7A4F7556}") = "Dapper.Tests.Performance", "Dapper.Tests.Performance\Dapper.Tests.Performance.csproj", "{5807BC6F-83A4-4286-9355-2F2DAC1E7C60}"
EndProject
Global
	GlobalSection(SolutionConfigurationPlatforms) = preSolution
		Debug|Any CPU = Debug|Any CPU
		Release|Any CPU = Release|Any CPU
	EndGlobalSection
	GlobalSection(ProjectConfigurationPlatforms) = postSolution
		{F97FFE71-9059-496F-959F-890E7BB08628}.Debug|Any CPU.ActiveCfg = Debug|Any CPU
		{F97FFE71-9059-496F-959F-890E7BB08628}.Debug|Any CPU.Build.0 = Debug|Any CPU
		{F97FFE71-9059-496F-959F-890E7BB08628}.Release|Any CPU.ActiveCfg = Release|Any CPU
		{F97FFE71-9059-496F-959F-890E7BB08628}.Release|Any CPU.Build.0 = Release|Any CPU
		{461D7E09-28F1-40BF-8EA1-0D60126E179F}.Debug|Any CPU.ActiveCfg = Debug|Any CPU
		{461D7E09-28F1-40BF-8EA1-0D60126E179F}.Debug|Any CPU.Build.0 = Debug|Any CPU
		{461D7E09-28F1-40BF-8EA1-0D60126E179F}.Release|Any CPU.ActiveCfg = Release|Any CPU
		{461D7E09-28F1-40BF-8EA1-0D60126E179F}.Release|Any CPU.Build.0 = Release|Any CPU
		{B9DB0439-75A4-49E8-9A64-F0DB667D1158}.Debug|Any CPU.ActiveCfg = Debug|Any CPU
		{B9DB0439-75A4-49E8-9A64-F0DB667D1158}.Debug|Any CPU.Build.0 = Debug|Any CPU
		{B9DB0439-75A4-49E8-9A64-F0DB667D1158}.Release|Any CPU.ActiveCfg = Release|Any CPU
		{B9DB0439-75A4-49E8-9A64-F0DB667D1158}.Release|Any CPU.Build.0 = Release|Any CPU
		{862522B2-7268-4D4A-9635-1E54B9FEC429}.Debug|Any CPU.ActiveCfg = Debug|Any CPU
		{862522B2-7268-4D4A-9635-1E54B9FEC429}.Debug|Any CPU.Build.0 = Debug|Any CPU
		{862522B2-7268-4D4A-9635-1E54B9FEC429}.Release|Any CPU.ActiveCfg = Release|Any CPU
		{862522B2-7268-4D4A-9635-1E54B9FEC429}.Release|Any CPU.Build.0 = Release|Any CPU
		{146FB8F4-48B8-4719-B4C6-1335898FF655}.Debug|Any CPU.ActiveCfg = Debug|Any CPU
		{146FB8F4-48B8-4719-B4C6-1335898FF655}.Debug|Any CPU.Build.0 = Debug|Any CPU
		{146FB8F4-48B8-4719-B4C6-1335898FF655}.Release|Any CPU.ActiveCfg = Release|Any CPU
		{146FB8F4-48B8-4719-B4C6-1335898FF655}.Release|Any CPU.Build.0 = Release|Any CPU
		{1AFD7422-2869-4648-B66D-31297D967821}.Debug|Any CPU.ActiveCfg = Debug|Any CPU
		{1AFD7422-2869-4648-B66D-31297D967821}.Debug|Any CPU.Build.0 = Debug|Any CPU
		{1AFD7422-2869-4648-B66D-31297D967821}.Release|Any CPU.ActiveCfg = Release|Any CPU
		{1AFD7422-2869-4648-B66D-31297D967821}.Release|Any CPU.Build.0 = Release|Any CPU
		{C8A7F31B-2459-4118-A199-AB1F6A58E4B3}.Debug|Any CPU.ActiveCfg = Debug|Any CPU
		{C8A7F31B-2459-4118-A199-AB1F6A58E4B3}.Debug|Any CPU.Build.0 = Debug|Any CPU
		{C8A7F31B-2459-4118-A199-AB1F6A58E4B3}.Release|Any CPU.ActiveCfg = Release|Any CPU
		{C8A7F31B-2459-4118-A199-AB1F6A58E4B3}.Release|Any CPU.Build.0 = Release|Any CPU
		{45E5CA84-14F3-405D-A25F-A75160B6EDD7}.Debug|Any CPU.ActiveCfg = Debug|Any CPU
		{45E5CA84-14F3-405D-A25F-A75160B6EDD7}.Debug|Any CPU.Build.0 = Debug|Any CPU
		{45E5CA84-14F3-405D-A25F-A75160B6EDD7}.Release|Any CPU.ActiveCfg = Release|Any CPU
		{45E5CA84-14F3-405D-A25F-A75160B6EDD7}.Release|Any CPU.Build.0 = Release|Any CPU
		{EF438C40-9FE7-41B4-B020-5D64CA42F681}.Debug|Any CPU.ActiveCfg = Debug|Any CPU
		{EF438C40-9FE7-41B4-B020-5D64CA42F681}.Debug|Any CPU.Build.0 = Debug|Any CPU
		{EF438C40-9FE7-41B4-B020-5D64CA42F681}.Release|Any CPU.ActiveCfg = Release|Any CPU
		{EF438C40-9FE7-41B4-B020-5D64CA42F681}.Release|Any CPU.Build.0 = Release|Any CPU
		{70750CF7-8836-4E10-B2BD-A6653B1970F9}.Debug|Any CPU.ActiveCfg = Debug|Any CPU
		{70750CF7-8836-4E10-B2BD-A6653B1970F9}.Debug|Any CPU.Build.0 = Debug|Any CPU
		{70750CF7-8836-4E10-B2BD-A6653B1970F9}.Release|Any CPU.ActiveCfg = Release|Any CPU
		{70750CF7-8836-4E10-B2BD-A6653B1970F9}.Release|Any CPU.Build.0 = Release|Any CPU
		{5807BC6F-83A4-4286-9355-2F2DAC1E7C60}.Debug|Any CPU.ActiveCfg = Debug|Any CPU
		{5807BC6F-83A4-4286-9355-2F2DAC1E7C60}.Debug|Any CPU.Build.0 = Debug|Any CPU
		{5807BC6F-83A4-4286-9355-2F2DAC1E7C60}.Release|Any CPU.ActiveCfg = Release|Any CPU
		{5807BC6F-83A4-4286-9355-2F2DAC1E7C60}.Release|Any CPU.Build.0 = Release|Any CPU
	EndGlobalSection
	GlobalSection(SolutionProperties) = preSolution
		HideSolutionNode = FALSE
	EndGlobalSection
	GlobalSection(ExtensibilityGlobals) = postSolution
		SolutionGuid = {46E294A9-C22B-4C1A-A7DB-297154802EF5}
	EndGlobalSection
EndGlobal
